
Microsoft Visual Studio Solution File, Format Version 12.00
# Visual Studio Version 16
VisualStudioVersion = 16.0.30104.148
MinimumVisualStudioVersion = 10.0.40219.1
Project("{9A19103F-16F7-4668-BE54-9A1E7A4F7556}") = "JotterAPI", "JotterAPI\JotterAPI.csproj", "{D2271AFC-95A1-4130-9B5F-2B8A79F8C9EF}"
EndProject
Project("{9A19103F-16F7-4668-BE54-9A1E7A4F7556}") = "JotterAPI.DAL", "JotterAPI.DAL\JotterAPI.DAL.csproj", "{5AE14B00-FF34-489A-B35E-B5B9AB6ABE6C}"
EndProject
Project("{FAE04EC0-301F-11D3-BF4B-00C04F79EFBC}") = "XUnitJotterAPITests", "XUnitJotterAPITests\XUnitJotterAPITests.csproj", "{939A58D4-6810-4A6E-8B2B-6277D42B1E68}"
EndProject
Project("{FAE04EC0-301F-11D3-BF4B-00C04F79EFBC}") = "XUnitJotterAPIIntegrationTests", "XUnitJotterAPIIntegrationTests\XUnitJotterAPIIntegrationTests.csproj", "{D7BA9563-EA71-43CC-BD5C-04E3FCCE6D95}"
EndProject
Global
	GlobalSection(SolutionConfigurationPlatforms) = preSolution
		Debug|Any CPU = Debug|Any CPU
		Release|Any CPU = Release|Any CPU
	EndGlobalSection
	GlobalSection(ProjectConfigurationPlatforms) = postSolution
		{D2271AFC-95A1-4130-9B5F-2B8A79F8C9EF}.Debug|Any CPU.ActiveCfg = Debug|Any CPU
		{D2271AFC-95A1-4130-9B5F-2B8A79F8C9EF}.Debug|Any CPU.Build.0 = Debug|Any CPU
		{D2271AFC-95A1-4130-9B5F-2B8A79F8C9EF}.Release|Any CPU.ActiveCfg = Release|Any CPU
		{D2271AFC-95A1-4130-9B5F-2B8A79F8C9EF}.Release|Any CPU.Build.0 = Release|Any CPU
		{5AE14B00-FF34-489A-B35E-B5B9AB6ABE6C}.Debug|Any CPU.ActiveCfg = Debug|Any CPU
		{5AE14B00-FF34-489A-B35E-B5B9AB6ABE6C}.Debug|Any CPU.Build.0 = Debug|Any CPU
		{5AE14B00-FF34-489A-B35E-B5B9AB6ABE6C}.Release|Any CPU.ActiveCfg = Release|Any CPU
		{5AE14B00-FF34-489A-B35E-B5B9AB6ABE6C}.Release|Any CPU.Build.0 = Release|Any CPU
		{939A58D4-6810-4A6E-8B2B-6277D42B1E68}.Debug|Any CPU.ActiveCfg = Debug|Any CPU
		{939A58D4-6810-4A6E-8B2B-6277D42B1E68}.Debug|Any CPU.Build.0 = Debug|Any CPU
		{939A58D4-6810-4A6E-8B2B-6277D42B1E68}.Release|Any CPU.ActiveCfg = Release|Any CPU
		{939A58D4-6810-4A6E-8B2B-6277D42B1E68}.Release|Any CPU.Build.0 = Release|Any CPU
		{D7BA9563-EA71-43CC-BD5C-04E3FCCE6D95}.Debug|Any CPU.ActiveCfg = Debug|Any CPU
		{D7BA9563-EA71-43CC-BD5C-04E3FCCE6D95}.Debug|Any CPU.Build.0 = Debug|Any CPU
		{D7BA9563-EA71-43CC-BD5C-04E3FCCE6D95}.Release|Any CPU.ActiveCfg = Release|Any CPU
		{D7BA9563-EA71-43CC-BD5C-04E3FCCE6D95}.Release|Any CPU.Build.0 = Release|Any CPU
	EndGlobalSection
	GlobalSection(SolutionProperties) = preSolution
		HideSolutionNode = FALSE
	EndGlobalSection
	GlobalSection(ExtensibilityGlobals) = postSolution
		SolutionGuid = {ACF51EA7-84A4-4A40-8791-C249ADEF3A21}
	EndGlobalSection
EndGlobal
